// !$*UTF8*$!
{
	archiveVersion = 1;
	classes = {
	};
	objectVersion = 56;
	objects = {

/* Begin PBXBuildFile section */
		DE19E6C72AB91A410049EE7A /* AppDelegate.swift in Sources */ = {isa = PBXBuildFile; fileRef = DE19E6C62AB91A410049EE7A /* AppDelegate.swift */; };
		DE19E6C92AB91A410049EE7A /* SceneDelegate.swift in Sources */ = {isa = PBXBuildFile; fileRef = DE19E6C82AB91A410049EE7A /* SceneDelegate.swift */; };
		DE19E6CB2AB91A410049EE7A /* InstagridViewController.swift in Sources */ = {isa = PBXBuildFile; fileRef = DE19E6CA2AB91A410049EE7A /* InstagridViewController.swift */; };
		DE19E6CE2AB91A410049EE7A /* Main.storyboard in Resources */ = {isa = PBXBuildFile; fileRef = DE19E6CC2AB91A410049EE7A /* Main.storyboard */; };
		DE19E6D02AB91A430049EE7A /* Assets.xcassets in Resources */ = {isa = PBXBuildFile; fileRef = DE19E6CF2AB91A430049EE7A /* Assets.xcassets */; };
		DE19E6D32AB91A430049EE7A /* LaunchScreen.storyboard in Resources */ = {isa = PBXBuildFile; fileRef = DE19E6D12AB91A430049EE7A /* LaunchScreen.storyboard */; };
		DE19E6DE2AB91A430049EE7A /* InstaGridTests.swift in Sources */ = {isa = PBXBuildFile; fileRef = DE19E6DD2AB91A430049EE7A /* InstaGridTests.swift */; };
		DE19E6E82AB91A430049EE7A /* InstaGridUITests.swift in Sources */ = {isa = PBXBuildFile; fileRef = DE19E6E72AB91A430049EE7A /* InstaGridUITests.swift */; };
		DE19E6EA2AB91A430049EE7A /* InstaGridUITestsLaunchTests.swift in Sources */ = {isa = PBXBuildFile; fileRef = DE19E6E92AB91A430049EE7A /* InstaGridUITestsLaunchTests.swift */; };
		DE19E6FB2AB925C50049EE7A /* GridView.swift in Sources */ = {isa = PBXBuildFile; fileRef = DE19E6FA2AB925C50049EE7A /* GridView.swift */; };
		DE19E6FF2AB926340049EE7A /* Layout.swift in Sources */ = {isa = PBXBuildFile; fileRef = DE19E6FE2AB926340049EE7A /* Layout.swift */; };
		DE67BC102ABE7F9A00280306 /* ImageButton.swift in Sources */ = {isa = PBXBuildFile; fileRef = DE67BC0F2ABE7F9A00280306 /* ImageButton.swift */; };
		DE67BC142ABFCF5800280306 /* Extension.swift in Sources */ = {isa = PBXBuildFile; fileRef = DE67BC132ABFCF5800280306 /* Extension.swift */; };
		DE67BC662AC3A4CC00280306 /* Delm-Medium.otf in Resources */ = {isa = PBXBuildFile; fileRef = DE67BC642AC3A4CC00280306 /* Delm-Medium.otf */; };
		DE67BC672AC3A4CC00280306 /* ThirstySoftRegular.otf in Resources */ = {isa = PBXBuildFile; fileRef = DE67BC652AC3A4CC00280306 /* ThirstySoftRegular.otf */; };
		DE67BC6D2AC88D7500280306 /* AuthorizationController.swift in Sources */ = {isa = PBXBuildFile; fileRef = DE67BC6C2AC88D7500280306 /* AuthorizationController.swift */; };
		DE67BC6F2AC9C25E00280306 /* ViewDirection.swift in Sources */ = {isa = PBXBuildFile; fileRef = DE67BC6E2AC9C25E00280306 /* ViewDirection.swift */; };
		DE67BC712AC9C31900280306 /* RenderViewToImage.swift in Sources */ = {isa = PBXBuildFile; fileRef = DE67BC702AC9C31900280306 /* RenderViewToImage.swift */; };
/* End PBXBuildFile section */

/* Begin PBXContainerItemProxy section */
		DE19E6DA2AB91A430049EE7A /* PBXContainerItemProxy */ = {
			isa = PBXContainerItemProxy;
			containerPortal = DE19E6BB2AB91A410049EE7A /* Project object */;
			proxyType = 1;
			remoteGlobalIDString = DE19E6C22AB91A410049EE7A;
			remoteInfo = InstaGrid;
		};
		DE19E6E42AB91A430049EE7A /* PBXContainerItemProxy */ = {
			isa = PBXContainerItemProxy;
			containerPortal = DE19E6BB2AB91A410049EE7A /* Project object */;
			proxyType = 1;
			remoteGlobalIDString = DE19E6C22AB91A410049EE7A;
			remoteInfo = InstaGrid;
		};
/* End PBXContainerItemProxy section */

/* Begin PBXFileReference section */
		DE19E6C32AB91A410049EE7A /* InstaGrid.app */ = {isa = PBXFileReference; explicitFileType = wrapper.application; includeInIndex = 0; path = InstaGrid.app; sourceTree = BUILT_PRODUCTS_DIR; };
		DE19E6C62AB91A410049EE7A /* AppDelegate.swift */ = {isa = PBXFileReference; lastKnownFileType = sourcecode.swift; path = AppDelegate.swift; sourceTree = "<group>"; };
		DE19E6C82AB91A410049EE7A /* SceneDelegate.swift */ = {isa = PBXFileReference; lastKnownFileType = sourcecode.swift; path = SceneDelegate.swift; sourceTree = "<group>"; };
		DE19E6CA2AB91A410049EE7A /* InstagridViewController.swift */ = {isa = PBXFileReference; lastKnownFileType = sourcecode.swift; path = InstagridViewController.swift; sourceTree = "<group>"; };
		DE19E6CD2AB91A410049EE7A /* Base */ = {isa = PBXFileReference; lastKnownFileType = file.storyboard; name = Base; path = Base.lproj/Main.storyboard; sourceTree = "<group>"; };
		DE19E6CF2AB91A430049EE7A /* Assets.xcassets */ = {isa = PBXFileReference; lastKnownFileType = folder.assetcatalog; path = Assets.xcassets; sourceTree = "<group>"; };
		DE19E6D22AB91A430049EE7A /* Base */ = {isa = PBXFileReference; lastKnownFileType = file.storyboard; name = Base; path = Base.lproj/LaunchScreen.storyboard; sourceTree = "<group>"; };
		DE19E6D42AB91A430049EE7A /* Info.plist */ = {isa = PBXFileReference; lastKnownFileType = text.plist.xml; path = Info.plist; sourceTree = "<group>"; };
		DE19E6D92AB91A430049EE7A /* InstaGridTests.xctest */ = {isa = PBXFileReference; explicitFileType = wrapper.cfbundle; includeInIndex = 0; path = InstaGridTests.xctest; sourceTree = BUILT_PRODUCTS_DIR; };
		DE19E6DD2AB91A430049EE7A /* InstaGridTests.swift */ = {isa = PBXFileReference; lastKnownFileType = sourcecode.swift; path = InstaGridTests.swift; sourceTree = "<group>"; };
		DE19E6E32AB91A430049EE7A /* InstaGridUITests.xctest */ = {isa = PBXFileReference; explicitFileType = wrapper.cfbundle; includeInIndex = 0; path = InstaGridUITests.xctest; sourceTree = BUILT_PRODUCTS_DIR; };
		DE19E6E72AB91A430049EE7A /* InstaGridUITests.swift */ = {isa = PBXFileReference; lastKnownFileType = sourcecode.swift; path = InstaGridUITests.swift; sourceTree = "<group>"; };
		DE19E6E92AB91A430049EE7A /* InstaGridUITestsLaunchTests.swift */ = {isa = PBXFileReference; lastKnownFileType = sourcecode.swift; path = InstaGridUITestsLaunchTests.swift; sourceTree = "<group>"; };
		DE19E6FA2AB925C50049EE7A /* GridView.swift */ = {isa = PBXFileReference; lastKnownFileType = sourcecode.swift; path = GridView.swift; sourceTree = "<group>"; };
		DE19E6FE2AB926340049EE7A /* Layout.swift */ = {isa = PBXFileReference; lastKnownFileType = sourcecode.swift; path = Layout.swift; sourceTree = "<group>"; };
		DE67BC0F2ABE7F9A00280306 /* ImageButton.swift */ = {isa = PBXFileReference; lastKnownFileType = sourcecode.swift; path = ImageButton.swift; sourceTree = "<group>"; };
		DE67BC132ABFCF5800280306 /* Extension.swift */ = {isa = PBXFileReference; lastKnownFileType = sourcecode.swift; path = Extension.swift; sourceTree = "<group>"; };
		DE67BC642AC3A4CC00280306 /* Delm-Medium.otf */ = {isa = PBXFileReference; lastKnownFileType = file; name = "Delm-Medium.otf"; path = "../../../../../../../../../Downloads/Delm-Medium.otf"; sourceTree = "<group>"; };
		DE67BC652AC3A4CC00280306 /* ThirstySoftRegular.otf */ = {isa = PBXFileReference; lastKnownFileType = file; name = ThirstySoftRegular.otf; path = ../../../../../../../../../Downloads/ThirstySoftRegular.otf; sourceTree = "<group>"; };
		DE67BC6C2AC88D7500280306 /* AuthorizationController.swift */ = {isa = PBXFileReference; lastKnownFileType = sourcecode.swift; path = AuthorizationController.swift; sourceTree = "<group>"; };
		DE67BC6E2AC9C25E00280306 /* ViewDirection.swift */ = {isa = PBXFileReference; lastKnownFileType = sourcecode.swift; path = ViewDirection.swift; sourceTree = "<group>"; };
		DE67BC702AC9C31900280306 /* RenderViewToImage.swift */ = {isa = PBXFileReference; lastKnownFileType = sourcecode.swift; path = RenderViewToImage.swift; sourceTree = "<group>"; };
/* End PBXFileReference section */

/* Begin PBXFrameworksBuildPhase section */
		DE19E6C02AB91A410049EE7A /* Frameworks */ = {
			isa = PBXFrameworksBuildPhase;
			buildActionMask = 2147483647;
			files = (
			);
			runOnlyForDeploymentPostprocessing = 0;
		};
		DE19E6D62AB91A430049EE7A /* Frameworks */ = {
			isa = PBXFrameworksBuildPhase;
			buildActionMask = 2147483647;
			files = (
			);
			runOnlyForDeploymentPostprocessing = 0;
		};
		DE19E6E02AB91A430049EE7A /* Frameworks */ = {
			isa = PBXFrameworksBuildPhase;
			buildActionMask = 2147483647;
			files = (
			);
			runOnlyForDeploymentPostprocessing = 0;
		};
/* End PBXFrameworksBuildPhase section */

/* Begin PBXGroup section */
		DE19E6BA2AB91A410049EE7A = {
			isa = PBXGroup;
			children = (
				DE67BC132ABFCF5800280306 /* Extension.swift */,
				DE19E6C52AB91A410049EE7A /* InstaGrid */,
				DE19E6DC2AB91A430049EE7A /* InstaGridTests */,
				DE19E6E62AB91A430049EE7A /* InstaGridUITests */,
				DE19E6C42AB91A410049EE7A /* Products */,
			);
			sourceTree = "<group>";
		};
		DE19E6C42AB91A410049EE7A /* Products */ = {
			isa = PBXGroup;
			children = (
				DE19E6C32AB91A410049EE7A /* InstaGrid.app */,
				DE19E6D92AB91A430049EE7A /* InstaGridTests.xctest */,
				DE19E6E32AB91A430049EE7A /* InstaGridUITests.xctest */,
			);
			name = Products;
			sourceTree = "<group>";
		};
		DE19E6C52AB91A410049EE7A /* InstaGrid */ = {
			isa = PBXGroup;
			children = (
				DE19E6D42AB91A430049EE7A /* Info.plist */,
				DE19E6C62AB91A410049EE7A /* AppDelegate.swift */,
				DE19E6C82AB91A410049EE7A /* SceneDelegate.swift */,
				DE19E6FD2AB9261F0049EE7A /* Models */,
				DE19E6FC2AB925FA0049EE7A /* Views */,
				DE67BC032ABE732300280306 /* Controllers */,
				DE67BC042ABE734100280306 /* Storyboards */,
				DE67BC052ABE735800280306 /* Ressources */,
			);
			path = InstaGrid;
			sourceTree = "<group>";
		};
		DE19E6DC2AB91A430049EE7A /* InstaGridTests */ = {
			isa = PBXGroup;
			children = (
				DE19E6DD2AB91A430049EE7A /* InstaGridTests.swift */,
			);
			path = InstaGridTests;
			sourceTree = "<group>";
		};
		DE19E6E62AB91A430049EE7A /* InstaGridUITests */ = {
			isa = PBXGroup;
			children = (
				DE19E6E72AB91A430049EE7A /* InstaGridUITests.swift */,
				DE19E6E92AB91A430049EE7A /* InstaGridUITestsLaunchTests.swift */,
			);
			path = InstaGridUITests;
			sourceTree = "<group>";
		};
		DE19E6FC2AB925FA0049EE7A /* Views */ = {
			isa = PBXGroup;
			children = (
				DE19E6FA2AB925C50049EE7A /* GridView.swift */,
				DE67BC0F2ABE7F9A00280306 /* ImageButton.swift */,
			);
			path = Views;
			sourceTree = "<group>";
		};
		DE19E6FD2AB9261F0049EE7A /* Models */ = {
			isa = PBXGroup;
			children = (
				DE19E6FE2AB926340049EE7A /* Layout.swift */,
				DE67BC6E2AC9C25E00280306 /* ViewDirection.swift */,
				DE67BC702AC9C31900280306 /* RenderViewToImage.swift */,
			);
			path = Models;
			sourceTree = "<group>";
		};
		DE67BC032ABE732300280306 /* Controllers */ = {
			isa = PBXGroup;
			children = (
				DE19E6CA2AB91A410049EE7A /* InstagridViewController.swift */,
				DE67BC6C2AC88D7500280306 /* AuthorizationController.swift */,
			);
			path = Controllers;
			sourceTree = "<group>";
		};
		DE67BC042ABE734100280306 /* Storyboards */ = {
			isa = PBXGroup;
			children = (
				DE19E6D12AB91A430049EE7A /* LaunchScreen.storyboard */,
				DE19E6CC2AB91A410049EE7A /* Main.storyboard */,
			);
			path = Storyboards;
			sourceTree = "<group>";
		};
		DE67BC052ABE735800280306 /* Ressources */ = {
			isa = PBXGroup;
			children = (
				DE19E6CF2AB91A430049EE7A /* Assets.xcassets */,
				DE67BC642AC3A4CC00280306 /* Delm-Medium.otf */,
				DE67BC652AC3A4CC00280306 /* ThirstySoftRegular.otf */,
			);
			path = Ressources;
			sourceTree = "<group>";
		};
/* End PBXGroup section */

/* Begin PBXNativeTarget section */
		DE19E6C22AB91A410049EE7A /* InstaGrid */ = {
			isa = PBXNativeTarget;
			buildConfigurationList = DE19E6ED2AB91A430049EE7A /* Build configuration list for PBXNativeTarget "InstaGrid" */;
			buildPhases = (
				DE19E6BF2AB91A410049EE7A /* Sources */,
				DE19E6C02AB91A410049EE7A /* Frameworks */,
				DE19E6C12AB91A410049EE7A /* Resources */,
			);
			buildRules = (
			);
			dependencies = (
			);
			name = InstaGrid;
			productName = InstaGrid;
			productReference = DE19E6C32AB91A410049EE7A /* InstaGrid.app */;
			productType = "com.apple.product-type.application";
		};
		DE19E6D82AB91A430049EE7A /* InstaGridTests */ = {
			isa = PBXNativeTarget;
			buildConfigurationList = DE19E6F02AB91A430049EE7A /* Build configuration list for PBXNativeTarget "InstaGridTests" */;
			buildPhases = (
				DE19E6D52AB91A430049EE7A /* Sources */,
				DE19E6D62AB91A430049EE7A /* Frameworks */,
				DE19E6D72AB91A430049EE7A /* Resources */,
			);
			buildRules = (
			);
			dependencies = (
				DE19E6DB2AB91A430049EE7A /* PBXTargetDependency */,
			);
			name = InstaGridTests;
			productName = InstaGridTests;
			productReference = DE19E6D92AB91A430049EE7A /* InstaGridTests.xctest */;
			productType = "com.apple.product-type.bundle.unit-test";
		};
		DE19E6E22AB91A430049EE7A /* InstaGridUITests */ = {
			isa = PBXNativeTarget;
			buildConfigurationList = DE19E6F32AB91A430049EE7A /* Build configuration list for PBXNativeTarget "InstaGridUITests" */;
			buildPhases = (
				DE19E6DF2AB91A430049EE7A /* Sources */,
				DE19E6E02AB91A430049EE7A /* Frameworks */,
				DE19E6E12AB91A430049EE7A /* Resources */,
			);
			buildRules = (
			);
			dependencies = (
				DE19E6E52AB91A430049EE7A /* PBXTargetDependency */,
			);
			name = InstaGridUITests;
			productName = InstaGridUITests;
			productReference = DE19E6E32AB91A430049EE7A /* InstaGridUITests.xctest */;
			productType = "com.apple.product-type.bundle.ui-testing";
		};
/* End PBXNativeTarget section */

/* Begin PBXProject section */
		DE19E6BB2AB91A410049EE7A /* Project object */ = {
			isa = PBXProject;
			attributes = {
				BuildIndependentTargetsInParallel = 1;
				LastSwiftUpdateCheck = 1430;
				LastUpgradeCheck = 1430;
				TargetAttributes = {
					DE19E6C22AB91A410049EE7A = {
						CreatedOnToolsVersion = 14.3;
					};
					DE19E6D82AB91A430049EE7A = {
						CreatedOnToolsVersion = 14.3;
						TestTargetID = DE19E6C22AB91A410049EE7A;
					};
					DE19E6E22AB91A430049EE7A = {
						CreatedOnToolsVersion = 14.3;
						TestTargetID = DE19E6C22AB91A410049EE7A;
					};
				};
			};
			buildConfigurationList = DE19E6BE2AB91A410049EE7A /* Build configuration list for PBXProject "InstaGrid" */;
			compatibilityVersion = "Xcode 14.0";
			developmentRegion = en;
			hasScannedForEncodings = 0;
			knownRegions = (
				en,
				Base,
			);
			mainGroup = DE19E6BA2AB91A410049EE7A;
			productRefGroup = DE19E6C42AB91A410049EE7A /* Products */;
			projectDirPath = "";
			projectRoot = "";
			targets = (
				DE19E6C22AB91A410049EE7A /* InstaGrid */,
				DE19E6D82AB91A430049EE7A /* InstaGridTests */,
				DE19E6E22AB91A430049EE7A /* InstaGridUITests */,
			);
		};
/* End PBXProject section */

/* Begin PBXResourcesBuildPhase section */
		DE19E6C12AB91A410049EE7A /* Resources */ = {
			isa = PBXResourcesBuildPhase;
			buildActionMask = 2147483647;
			files = (
				DE67BC672AC3A4CC00280306 /* ThirstySoftRegular.otf in Resources */,
				DE19E6D32AB91A430049EE7A /* LaunchScreen.storyboard in Resources */,
				DE67BC662AC3A4CC00280306 /* Delm-Medium.otf in Resources */,
				DE19E6D02AB91A430049EE7A /* Assets.xcassets in Resources */,
				DE19E6CE2AB91A410049EE7A /* Main.storyboard in Resources */,
			);
			runOnlyForDeploymentPostprocessing = 0;
		};
		DE19E6D72AB91A430049EE7A /* Resources */ = {
			isa = PBXResourcesBuildPhase;
			buildActionMask = 2147483647;
			files = (
			);
			runOnlyForDeploymentPostprocessing = 0;
		};
		DE19E6E12AB91A430049EE7A /* Resources */ = {
			isa = PBXResourcesBuildPhase;
			buildActionMask = 2147483647;
			files = (
			);
			runOnlyForDeploymentPostprocessing = 0;
		};
/* End PBXResourcesBuildPhase section */

/* Begin PBXSourcesBuildPhase section */
		DE19E6BF2AB91A410049EE7A /* Sources */ = {
			isa = PBXSourcesBuildPhase;
			buildActionMask = 2147483647;
			files = (
				DE19E6CB2AB91A410049EE7A /* InstagridViewController.swift in Sources */,
				DE67BC102ABE7F9A00280306 /* ImageButton.swift in Sources */,
				DE67BC142ABFCF5800280306 /* Extension.swift in Sources */,
				DE19E6C72AB91A410049EE7A /* AppDelegate.swift in Sources */,
				DE19E6FF2AB926340049EE7A /* Layout.swift in Sources */,
				DE67BC712AC9C31900280306 /* RenderViewToImage.swift in Sources */,
				DE67BC6D2AC88D7500280306 /* AuthorizationController.swift in Sources */,
				DE67BC6F2AC9C25E00280306 /* ViewDirection.swift in Sources */,
				DE19E6FB2AB925C50049EE7A /* GridView.swift in Sources */,
				DE19E6C92AB91A410049EE7A /* SceneDelegate.swift in Sources */,
			);
			runOnlyForDeploymentPostprocessing = 0;
		};
		DE19E6D52AB91A430049EE7A /* Sources */ = {
			isa = PBXSourcesBuildPhase;
			buildActionMask = 2147483647;
			files = (
				DE19E6DE2AB91A430049EE7A /* InstaGridTests.swift in Sources */,
			);
			runOnlyForDeploymentPostprocessing = 0;
		};
		DE19E6DF2AB91A430049EE7A /* Sources */ = {
			isa = PBXSourcesBuildPhase;
			buildActionMask = 2147483647;
			files = (
				DE19E6EA2AB91A430049EE7A /* InstaGridUITestsLaunchTests.swift in Sources */,
				DE19E6E82AB91A430049EE7A /* InstaGridUITests.swift in Sources */,
			);
			runOnlyForDeploymentPostprocessing = 0;
		};
/* End PBXSourcesBuildPhase section */

/* Begin PBXTargetDependency section */
		DE19E6DB2AB91A430049EE7A /* PBXTargetDependency */ = {
			isa = PBXTargetDependency;
			target = DE19E6C22AB91A410049EE7A /* InstaGrid */;
			targetProxy = DE19E6DA2AB91A430049EE7A /* PBXContainerItemProxy */;
		};
		DE19E6E52AB91A430049EE7A /* PBXTargetDependency */ = {
			isa = PBXTargetDependency;
			target = DE19E6C22AB91A410049EE7A /* InstaGrid */;
			targetProxy = DE19E6E42AB91A430049EE7A /* PBXContainerItemProxy */;
		};
/* End PBXTargetDependency section */

/* Begin PBXVariantGroup section */
		DE19E6CC2AB91A410049EE7A /* Main.storyboard */ = {
			isa = PBXVariantGroup;
			children = (
				DE19E6CD2AB91A410049EE7A /* Base */,
			);
			name = Main.storyboard;
			sourceTree = "<group>";
		};
		DE19E6D12AB91A430049EE7A /* LaunchScreen.storyboard */ = {
			isa = PBXVariantGroup;
			children = (
				DE19E6D22AB91A430049EE7A /* Base */,
			);
			name = LaunchScreen.storyboard;
			sourceTree = "<group>";
		};
/* End PBXVariantGroup section */

/* Begin XCBuildConfiguration section */
		DE19E6EB2AB91A430049EE7A /* Debug */ = {
			isa = XCBuildConfiguration;
			buildSettings = {
				ALWAYS_SEARCH_USER_PATHS = NO;
				CLANG_ANALYZER_NONNULL = YES;
				CLANG_ANALYZER_NUMBER_OBJECT_CONVERSION = YES_AGGRESSIVE;
				CLANG_CXX_LANGUAGE_STANDARD = "gnu++20";
				CLANG_ENABLE_MODULES = YES;
				CLANG_ENABLE_OBJC_ARC = YES;
				CLANG_ENABLE_OBJC_WEAK = YES;
				CLANG_WARN_BLOCK_CAPTURE_AUTORELEASING = YES;
				CLANG_WARN_BOOL_CONVERSION = YES;
				CLANG_WARN_COMMA = YES;
				CLANG_WARN_CONSTANT_CONVERSION = YES;
				CLANG_WARN_DEPRECATED_OBJC_IMPLEMENTATIONS = YES;
				CLANG_WARN_DIRECT_OBJC_ISA_USAGE = YES_ERROR;
				CLANG_WARN_DOCUMENTATION_COMMENTS = YES;
				CLANG_WARN_EMPTY_BODY = YES;
				CLANG_WARN_ENUM_CONVERSION = YES;
				CLANG_WARN_INFINITE_RECURSION = YES;
				CLANG_WARN_INT_CONVERSION = YES;
				CLANG_WARN_NON_LITERAL_NULL_CONVERSION = YES;
				CLANG_WARN_OBJC_IMPLICIT_RETAIN_SELF = YES;
				CLANG_WARN_OBJC_LITERAL_CONVERSION = YES;
				CLANG_WARN_OBJC_ROOT_CLASS = YES_ERROR;
				CLANG_WARN_QUOTED_INCLUDE_IN_FRAMEWORK_HEADER = YES;
				CLANG_WARN_RANGE_LOOP_ANALYSIS = YES;
				CLANG_WARN_STRICT_PROTOTYPES = YES;
				CLANG_WARN_SUSPICIOUS_MOVE = YES;
				CLANG_WARN_UNGUARDED_AVAILABILITY = YES_AGGRESSIVE;
				CLANG_WARN_UNREACHABLE_CODE = YES;
				CLANG_WARN__DUPLICATE_METHOD_MATCH = YES;
				COPY_PHASE_STRIP = NO;
				DEBUG_INFORMATION_FORMAT = dwarf;
				ENABLE_STRICT_OBJC_MSGSEND = YES;
				ENABLE_TESTABILITY = YES;
				GCC_C_LANGUAGE_STANDARD = gnu11;
				GCC_DYNAMIC_NO_PIC = NO;
				GCC_NO_COMMON_BLOCKS = YES;
				GCC_OPTIMIZATION_LEVEL = 0;
				GCC_PREPROCESSOR_DEFINITIONS = (
					"DEBUG=1",
					"$(inherited)",
				);
				GCC_WARN_64_TO_32_BIT_CONVERSION = YES;
				GCC_WARN_ABOUT_RETURN_TYPE = YES_ERROR;
				GCC_WARN_UNDECLARED_SELECTOR = YES;
				GCC_WARN_UNINITIALIZED_AUTOS = YES_AGGRESSIVE;
				GCC_WARN_UNUSED_FUNCTION = YES;
				GCC_WARN_UNUSED_VARIABLE = YES;
				IPHONEOS_DEPLOYMENT_TARGET = 16.4;
				MTL_ENABLE_DEBUG_INFO = INCLUDE_SOURCE;
				MTL_FAST_MATH = YES;
				ONLY_ACTIVE_ARCH = YES;
				SDKROOT = iphoneos;
				SWIFT_ACTIVE_COMPILATION_CONDITIONS = DEBUG;
				SWIFT_OPTIMIZATION_LEVEL = "-Onone";
			};
			name = Debug;
		};
		DE19E6EC2AB91A430049EE7A /* Release */ = {
			isa = XCBuildConfiguration;
			buildSettings = {
				ALWAYS_SEARCH_USER_PATHS = NO;
				CLANG_ANALYZER_NONNULL = YES;
				CLANG_ANALYZER_NUMBER_OBJECT_CONVERSION = YES_AGGRESSIVE;
				CLANG_CXX_LANGUAGE_STANDARD = "gnu++20";
				CLANG_ENABLE_MODULES = YES;
				CLANG_ENABLE_OBJC_ARC = YES;
				CLANG_ENABLE_OBJC_WEAK = YES;
				CLANG_WARN_BLOCK_CAPTURE_AUTORELEASING = YES;
				CLANG_WARN_BOOL_CONVERSION = YES;
				CLANG_WARN_COMMA = YES;
				CLANG_WARN_CONSTANT_CONVERSION = YES;
				CLANG_WARN_DEPRECATED_OBJC_IMPLEMENTATIONS = YES;
				CLANG_WARN_DIRECT_OBJC_ISA_USAGE = YES_ERROR;
				CLANG_WARN_DOCUMENTATION_COMMENTS = YES;
				CLANG_WARN_EMPTY_BODY = YES;
				CLANG_WARN_ENUM_CONVERSION = YES;
				CLANG_WARN_INFINITE_RECURSION = YES;
				CLANG_WARN_INT_CONVERSION = YES;
				CLANG_WARN_NON_LITERAL_NULL_CONVERSION = YES;
				CLANG_WARN_OBJC_IMPLICIT_RETAIN_SELF = YES;
				CLANG_WARN_OBJC_LITERAL_CONVERSION = YES;
				CLANG_WARN_OBJC_ROOT_CLASS = YES_ERROR;
				CLANG_WARN_QUOTED_INCLUDE_IN_FRAMEWORK_HEADER = YES;
				CLANG_WARN_RANGE_LOOP_ANALYSIS = YES;
				CLANG_WARN_STRICT_PROTOTYPES = YES;
				CLANG_WARN_SUSPICIOUS_MOVE = YES;
				CLANG_WARN_UNGUARDED_AVAILABILITY = YES_AGGRESSIVE;
				CLANG_WARN_UNREACHABLE_CODE = YES;
				CLANG_WARN__DUPLICATE_METHOD_MATCH = YES;
				COPY_PHASE_STRIP = NO;
				DEBUG_INFORMATION_FORMAT = "dwarf-with-dsym";
				ENABLE_NS_ASSERTIONS = NO;
				ENABLE_STRICT_OBJC_MSGSEND = YES;
				GCC_C_LANGUAGE_STANDARD = gnu11;
				GCC_NO_COMMON_BLOCKS = YES;
				GCC_WARN_64_TO_32_BIT_CONVERSION = YES;
				GCC_WARN_ABOUT_RETURN_TYPE = YES_ERROR;
				GCC_WARN_UNDECLARED_SELECTOR = YES;
				GCC_WARN_UNINITIALIZED_AUTOS = YES_AGGRESSIVE;
				GCC_WARN_UNUSED_FUNCTION = YES;
				GCC_WARN_UNUSED_VARIABLE = YES;
				IPHONEOS_DEPLOYMENT_TARGET = 16.4;
				MTL_ENABLE_DEBUG_INFO = NO;
				MTL_FAST_MATH = YES;
				SDKROOT = iphoneos;
				SWIFT_COMPILATION_MODE = wholemodule;
				SWIFT_OPTIMIZATION_LEVEL = "-O";
				VALIDATE_PRODUCT = YES;
			};
			name = Release;
		};
		DE19E6EE2AB91A430049EE7A /* Debug */ = {
			isa = XCBuildConfiguration;
			buildSettings = {
				ASSETCATALOG_COMPILER_APPICON_NAME = AppIcon;
				ASSETCATALOG_COMPILER_GLOBAL_ACCENT_COLOR_NAME = AccentColor;
				CODE_SIGN_STYLE = Automatic;
				CURRENT_PROJECT_VERSION = 1;
				DEVELOPMENT_TEAM = B8CFMG9SS9;
				GENERATE_INFOPLIST_FILE = YES;
				INFOPLIST_FILE = InstaGrid/Info.plist;
				INFOPLIST_KEY_UIApplicationSupportsIndirectInputEvents = YES;
				INFOPLIST_KEY_UILaunchStoryboardName = LaunchScreen;
				INFOPLIST_KEY_UIMainStoryboardFile = Main;
				INFOPLIST_KEY_UISupportedInterfaceOrientations_iPad = "UIInterfaceOrientationPortrait UIInterfaceOrientationPortraitUpsideDown UIInterfaceOrientationLandscapeLeft UIInterfaceOrientationLandscapeRight";
				INFOPLIST_KEY_UISupportedInterfaceOrientations_iPhone = "UIInterfaceOrientationPortrait UIInterfaceOrientationLandscapeLeft UIInterfaceOrientationLandscapeRight";
				LD_RUNPATH_SEARCH_PATHS = (
					"$(inherited)",
					"@executable_path/Frameworks",
				);
				MARKETING_VERSION = 1.0;
				PRODUCT_BUNDLE_IDENTIFIER = TC.InstaGrid;
				PRODUCT_NAME = "$(TARGET_NAME)";
				SWIFT_EMIT_LOC_STRINGS = YES;
				SWIFT_VERSION = 5.0;
				TARGETED_DEVICE_FAMILY = "1,2";
			};
			name = Debug;
		};
		DE19E6EF2AB91A430049EE7A /* Release */ = {
			isa = XCBuildConfiguration;
			buildSettings = {
				ASSETCATALOG_COMPILER_APPICON_NAME = AppIcon;
				ASSETCATALOG_COMPILER_GLOBAL_ACCENT_COLOR_NAME = AccentColor;
				CODE_SIGN_STYLE = Automatic;
				CURRENT_PROJECT_VERSION = 1;
				DEVELOPMENT_TEAM = B8CFMG9SS9;
				GENERATE_INFOPLIST_FILE = YES;
				INFOPLIST_FILE = InstaGrid/Info.plist;
				INFOPLIST_KEY_UIApplicationSupportsIndirectInputEvents = YES;
				INFOPLIST_KEY_UILaunchStoryboardName = LaunchScreen;
				INFOPLIST_KEY_UIMainStoryboardFile = Main;
				INFOPLIST_KEY_UISupportedInterfaceOrientations_iPad = "UIInterfaceOrientationPortrait UIInterfaceOrientationPortraitUpsideDown UIInterfaceOrientationLandscapeLeft UIInterfaceOrientationLandscapeRight";
				INFOPLIST_KEY_UISupportedInterfaceOrientations_iPhone = "UIInterfaceOrientationPortrait UIInterfaceOrientationLandscapeLeft UIInterfaceOrientationLandscapeRight";
				LD_RUNPATH_SEARCH_PATHS = (
					"$(inherited)",
					"@executable_path/Frameworks",
				);
				MARKETING_VERSION = 1.0;
				PRODUCT_BUNDLE_IDENTIFIER = TC.InstaGrid;
				PRODUCT_NAME = "$(TARGET_NAME)";
				SWIFT_EMIT_LOC_STRINGS = YES;
				SWIFT_VERSION = 5.0;
				TARGETED_DEVICE_FAMILY = "1,2";
			};
			name = Release;
		};
		DE19E6F12AB91A430049EE7A /* Debug */ = {
			isa = XCBuildConfiguration;
			buildSettings = {
				ALWAYS_EMBED_SWIFT_STANDARD_LIBRARIES = YES;
				BUNDLE_LOADER = "$(TEST_HOST)";
				CODE_SIGN_STYLE = Automatic;
				CURRENT_PROJECT_VERSION = 1;
				DEVELOPMENT_TEAM = B8CFMG9SS9;
				GENERATE_INFOPLIST_FILE = YES;
				IPHONEOS_DEPLOYMENT_TARGET = 16.4;
				MARKETING_VERSION = 1.0;
				PRODUCT_BUNDLE_IDENTIFIER = TC.InstaGridTests;
				PRODUCT_NAME = "$(TARGET_NAME)";
				SWIFT_EMIT_LOC_STRINGS = NO;
				SWIFT_VERSION = 5.0;
				TARGETED_DEVICE_FAMILY = "1,2";
				TEST_HOST = "$(BUILT_PRODUCTS_DIR)/InstaGrid.app/$(BUNDLE_EXECUTABLE_FOLDER_PATH)/InstaGrid";
			};
			name = Debug;
		};
		DE19E6F22AB91A430049EE7A /* Release */ = {
			isa = XCBuildConfiguration;
			buildSettings = {
				ALWAYS_EMBED_SWIFT_STANDARD_LIBRARIES = YES;
				BUNDLE_LOADER = "$(TEST_HOST)";
				CODE_SIGN_STYLE = Automatic;
				CURRENT_PROJECT_VERSION = 1;
				DEVELOPMENT_TEAM = B8CFMG9SS9;
				GENERATE_INFOPLIST_FILE = YES;
				IPHONEOS_DEPLOYMENT_TARGET = 16.4;
				MARKETING_VERSION = 1.0;
				PRODUCT_BUNDLE_IDENTIFIER = TC.InstaGridTests;
				PRODUCT_NAME = "$(TARGET_NAME)";
				SWIFT_EMIT_LOC_STRINGS = NO;
				SWIFT_VERSION = 5.0;
				TARGETED_DEVICE_FAMILY = "1,2";
				TEST_HOST = "$(BUILT_PRODUCTS_DIR)/InstaGrid.app/$(BUNDLE_EXECUTABLE_FOLDER_PATH)/InstaGrid";
			};
			name = Release;
		};
		DE19E6F42AB91A430049EE7A /* Debug */ = {
			isa = XCBuildConfiguration;
			buildSettings = {
				ALWAYS_EMBED_SWIFT_STANDARD_LIBRARIES = YES;
				CODE_SIGN_STYLE = Automatic;
				CURRENT_PROJECT_VERSION = 1;
				DEVELOPMENT_TEAM = B8CFMG9SS9;
				GENERATE_INFOPLIST_FILE = YES;
				MARKETING_VERSION = 1.0;
				PRODUCT_BUNDLE_IDENTIFIER = TC.InstaGridUITests;
				PRODUCT_NAME = "$(TARGET_NAME)";
				SWIFT_EMIT_LOC_STRINGS = NO;
				SWIFT_VERSION = 5.0;
				TARGETED_DEVICE_FAMILY = "1,2";
				TEST_TARGET_NAME = InstaGrid;
			};
			name = Debug;
		};
		DE19E6F52AB91A430049EE7A /* Release */ = {
			isa = XCBuildConfiguration;
			buildSettings = {
				ALWAYS_EMBED_SWIFT_STANDARD_LIBRARIES = YES;
				CODE_SIGN_STYLE = Automatic;
				CURRENT_PROJECT_VERSION = 1;
				DEVELOPMENT_TEAM = B8CFMG9SS9;
				GENERATE_INFOPLIST_FILE = YES;
				MARKETING_VERSION = 1.0;
				PRODUCT_BUNDLE_IDENTIFIER = TC.InstaGridUITests;
				PRODUCT_NAME = "$(TARGET_NAME)";
				SWIFT_EMIT_LOC_STRINGS = NO;
				SWIFT_VERSION = 5.0;
				TARGETED_DEVICE_FAMILY = "1,2";
				TEST_TARGET_NAME = InstaGrid;
			};
			name = Release;
		};
/* End XCBuildConfiguration section */

/* Begin XCConfigurationList section */
		DE19E6BE2AB91A410049EE7A /* Build configuration list for PBXProject "InstaGrid" */ = {
			isa = XCConfigurationList;
			buildConfigurations = (
				DE19E6EB2AB91A430049EE7A /* Debug */,
				DE19E6EC2AB91A430049EE7A /* Release */,
			);
			defaultConfigurationIsVisible = 0;
			defaultConfigurationName = Release;
		};
		DE19E6ED2AB91A430049EE7A /* Build configuration list for PBXNativeTarget "InstaGrid" */ = {
			isa = XCConfigurationList;
			buildConfigurations = (
				DE19E6EE2AB91A430049EE7A /* Debug */,
				DE19E6EF2AB91A430049EE7A /* Release */,
			);
			defaultConfigurationIsVisible = 0;
			defaultConfigurationName = Release;
		};
		DE19E6F02AB91A430049EE7A /* Build configuration list for PBXNativeTarget "InstaGridTests" */ = {
			isa = XCConfigurationList;
			buildConfigurations = (
				DE19E6F12AB91A430049EE7A /* Debug */,
				DE19E6F22AB91A430049EE7A /* Release */,
			);
			defaultConfigurationIsVisible = 0;
			defaultConfigurationName = Release;
		};
		DE19E6F32AB91A430049EE7A /* Build configuration list for PBXNativeTarget "InstaGridUITests" */ = {
			isa = XCConfigurationList;
			buildConfigurations = (
				DE19E6F42AB91A430049EE7A /* Debug */,
				DE19E6F52AB91A430049EE7A /* Release */,
			);
			defaultConfigurationIsVisible = 0;
			defaultConfigurationName = Release;
		};
/* End XCConfigurationList section */
	};
	rootObject = DE19E6BB2AB91A410049EE7A /* Project object */;
}
