// !$*UTF8*$!
{
	archiveVersion = 1;
	classes = {
	};
	objectVersion = 56;
	objects = {

/* Begin PBXBuildFile section */
		DE19E66B2AB685290049EE7A /* AppDelegate.swift in Sources */ = {isa = PBXBuildFile; fileRef = DE19E66A2AB685290049EE7A /* AppDelegate.swift */; };
		DE19E66D2AB685290049EE7A /* SceneDelegate.swift in Sources */ = {isa = PBXBuildFile; fileRef = DE19E66C2AB685290049EE7A /* SceneDelegate.swift */; };
		DE19E66F2AB685290049EE7A /* InstagridViewController.swift in Sources */ = {isa = PBXBuildFile; fileRef = DE19E66E2AB685290049EE7A /* InstagridViewController.swift */; };
		DE19E6722AB685290049EE7A /* Main.storyboard in Resources */ = {isa = PBXBuildFile; fileRef = DE19E6702AB685290049EE7A /* Main.storyboard */; };
		DE19E6742AB6852B0049EE7A /* Assets.xcassets in Resources */ = {isa = PBXBuildFile; fileRef = DE19E6732AB6852B0049EE7A /* Assets.xcassets */; };
		DE19E6772AB6852B0049EE7A /* LaunchScreen.storyboard in Resources */ = {isa = PBXBuildFile; fileRef = DE19E6752AB6852B0049EE7A /* LaunchScreen.storyboard */; };
		DE19E6822AB6852B0049EE7A /* InstaGridTests.swift in Sources */ = {isa = PBXBuildFile; fileRef = DE19E6812AB6852B0049EE7A /* InstaGridTests.swift */; };
		DE19E68C2AB6852B0049EE7A /* InstaGridUITests.swift in Sources */ = {isa = PBXBuildFile; fileRef = DE19E68B2AB6852B0049EE7A /* InstaGridUITests.swift */; };
		DE19E68E2AB6852B0049EE7A /* InstaGridUITestsLaunchTests.swift in Sources */ = {isa = PBXBuildFile; fileRef = DE19E68D2AB6852B0049EE7A /* InstaGridUITestsLaunchTests.swift */; };
		DE19E6B02AB695CC0049EE7A /* Delm-Medium.otf in Resources */ = {isa = PBXBuildFile; fileRef = DE19E6AE2AB695CC0049EE7A /* Delm-Medium.otf */; };
		DE19E6B12AB695CC0049EE7A /* ThirstySoftRegular.otf in Resources */ = {isa = PBXBuildFile; fileRef = DE19E6AF2AB695CC0049EE7A /* ThirstySoftRegular.otf */; };
		DE19E6B72AB7BEC10049EE7A /* GridView.swift in Sources */ = {isa = PBXBuildFile; fileRef = DE19E6B62AB7BEC10049EE7A /* GridView.swift */; };
		DE19E6B92AB7C2420049EE7A /* Layout.swift in Sources */ = {isa = PBXBuildFile; fileRef = DE19E6B82AB7C2420049EE7A /* Layout.swift */; };
/* End PBXBuildFile section */

/* Begin PBXContainerItemProxy section */
		DE19E67E2AB6852B0049EE7A /* PBXContainerItemProxy */ = {
			isa = PBXContainerItemProxy;
			containerPortal = DE19E65F2AB685290049EE7A /* Project object */;
			proxyType = 1;
			remoteGlobalIDString = DE19E6662AB685290049EE7A;
			remoteInfo = InstaGrid;
		};
		DE19E6882AB6852B0049EE7A /* PBXContainerItemProxy */ = {
			isa = PBXContainerItemProxy;
			containerPortal = DE19E65F2AB685290049EE7A /* Project object */;
			proxyType = 1;
			remoteGlobalIDString = DE19E6662AB685290049EE7A;
			remoteInfo = InstaGrid;
		};
/* End PBXContainerItemProxy section */

/* Begin PBXFileReference section */
		DE19E6672AB685290049EE7A /* InstaGrid.app */ = {isa = PBXFileReference; explicitFileType = wrapper.application; includeInIndex = 0; path = InstaGrid.app; sourceTree = BUILT_PRODUCTS_DIR; };
		DE19E66A2AB685290049EE7A /* AppDelegate.swift */ = {isa = PBXFileReference; lastKnownFileType = sourcecode.swift; path = AppDelegate.swift; sourceTree = "<group>"; };
		DE19E66C2AB685290049EE7A /* SceneDelegate.swift */ = {isa = PBXFileReference; lastKnownFileType = sourcecode.swift; path = SceneDelegate.swift; sourceTree = "<group>"; };
		DE19E66E2AB685290049EE7A /* InstagridViewController.swift */ = {isa = PBXFileReference; lastKnownFileType = sourcecode.swift; path = InstagridViewController.swift; sourceTree = "<group>"; };
		DE19E6712AB685290049EE7A /* Base */ = {isa = PBXFileReference; lastKnownFileType = file.storyboard; name = Base; path = Base.lproj/Main.storyboard; sourceTree = "<group>"; };
		DE19E6732AB6852B0049EE7A /* Assets.xcassets */ = {isa = PBXFileReference; lastKnownFileType = folder.assetcatalog; path = Assets.xcassets; sourceTree = "<group>"; };
		DE19E6762AB6852B0049EE7A /* Base */ = {isa = PBXFileReference; lastKnownFileType = file.storyboard; name = Base; path = Base.lproj/LaunchScreen.storyboard; sourceTree = "<group>"; };
		DE19E6782AB6852B0049EE7A /* Info.plist */ = {isa = PBXFileReference; lastKnownFileType = text.plist.xml; path = Info.plist; sourceTree = "<group>"; };
		DE19E67D2AB6852B0049EE7A /* InstaGridTests.xctest */ = {isa = PBXFileReference; explicitFileType = wrapper.cfbundle; includeInIndex = 0; path = InstaGridTests.xctest; sourceTree = BUILT_PRODUCTS_DIR; };
		DE19E6812AB6852B0049EE7A /* InstaGridTests.swift */ = {isa = PBXFileReference; lastKnownFileType = sourcecode.swift; path = InstaGridTests.swift; sourceTree = "<group>"; };
		DE19E6872AB6852B0049EE7A /* InstaGridUITests.xctest */ = {isa = PBXFileReference; explicitFileType = wrapper.cfbundle; includeInIndex = 0; path = InstaGridUITests.xctest; sourceTree = BUILT_PRODUCTS_DIR; };
		DE19E68B2AB6852B0049EE7A /* InstaGridUITests.swift */ = {isa = PBXFileReference; lastKnownFileType = sourcecode.swift; path = InstaGridUITests.swift; sourceTree = "<group>"; };
		DE19E68D2AB6852B0049EE7A /* InstaGridUITestsLaunchTests.swift */ = {isa = PBXFileReference; lastKnownFileType = sourcecode.swift; path = InstaGridUITestsLaunchTests.swift; sourceTree = "<group>"; };
		DE19E6AE2AB695CC0049EE7A /* Delm-Medium.otf */ = {isa = PBXFileReference; lastKnownFileType = file; path = "Delm-Medium.otf"; sourceTree = "<group>"; };
		DE19E6AF2AB695CC0049EE7A /* ThirstySoftRegular.otf */ = {isa = PBXFileReference; lastKnownFileType = file; path = ThirstySoftRegular.otf; sourceTree = "<group>"; };
		DE19E6B62AB7BEC10049EE7A /* GridView.swift */ = {isa = PBXFileReference; lastKnownFileType = sourcecode.swift; path = GridView.swift; sourceTree = "<group>"; };
		DE19E6B82AB7C2420049EE7A /* Layout.swift */ = {isa = PBXFileReference; lastKnownFileType = sourcecode.swift; path = Layout.swift; sourceTree = "<group>"; };
/* End PBXFileReference section */

/* Begin PBXFrameworksBuildPhase section */
		DE19E6642AB685290049EE7A /* Frameworks */ = {
			isa = PBXFrameworksBuildPhase;
			buildActionMask = 2147483647;
			files = (
			);
			runOnlyForDeploymentPostprocessing = 0;
		};
		DE19E67A2AB6852B0049EE7A /* Frameworks */ = {
			isa = PBXFrameworksBuildPhase;
			buildActionMask = 2147483647;
			files = (
			);
			runOnlyForDeploymentPostprocessing = 0;
		};
		DE19E6842AB6852B0049EE7A /* Frameworks */ = {
			isa = PBXFrameworksBuildPhase;
			buildActionMask = 2147483647;
			files = (
			);
			runOnlyForDeploymentPostprocessing = 0;
		};
/* End PBXFrameworksBuildPhase section */

/* Begin PBXGroup section */
		DE19E65E2AB685290049EE7A = {
			isa = PBXGroup;
			children = (
				DE19E6692AB685290049EE7A /* InstaGrid */,
				DE19E6802AB6852B0049EE7A /* InstaGridTests */,
				DE19E68A2AB6852B0049EE7A /* InstaGridUITests */,
				DE19E6682AB685290049EE7A /* Products */,
			);
			sourceTree = "<group>";
		};
		DE19E6682AB685290049EE7A /* Products */ = {
			isa = PBXGroup;
			children = (
				DE19E6672AB685290049EE7A /* InstaGrid.app */,
				DE19E67D2AB6852B0049EE7A /* InstaGridTests.xctest */,
				DE19E6872AB6852B0049EE7A /* InstaGridUITests.xctest */,
			);
			name = Products;
			sourceTree = "<group>";
		};
		DE19E6692AB685290049EE7A /* InstaGrid */ = {
			isa = PBXGroup;
			children = (
				DE19E6782AB6852B0049EE7A /* Info.plist */,
				DE19E66A2AB685290049EE7A /* AppDelegate.swift */,
				DE19E66C2AB685290049EE7A /* SceneDelegate.swift */,
				DE19E6B32AB766CE0049EE7A /* Storyboards */,
				DE19E6B42AB766EF0049EE7A /* Models */,
				DE19E6B22AB766BB0049EE7A /* Views */,
				DE19E6B52AB766F60049EE7A /* Controllers */,
				DE19E69A2AB691EB0049EE7A /* Ressources */,
			);
			path = InstaGrid;
			sourceTree = "<group>";
		};
		DE19E6802AB6852B0049EE7A /* InstaGridTests */ = {
			isa = PBXGroup;
			children = (
				DE19E6812AB6852B0049EE7A /* InstaGridTests.swift */,
			);
			path = InstaGridTests;
			sourceTree = "<group>";
		};
		DE19E68A2AB6852B0049EE7A /* InstaGridUITests */ = {
			isa = PBXGroup;
			children = (
				DE19E68B2AB6852B0049EE7A /* InstaGridUITests.swift */,
				DE19E68D2AB6852B0049EE7A /* InstaGridUITestsLaunchTests.swift */,
			);
			path = InstaGridUITests;
			sourceTree = "<group>";
		};
		DE19E69A2AB691EB0049EE7A /* Ressources */ = {
			isa = PBXGroup;
			children = (
				DE19E6732AB6852B0049EE7A /* Assets.xcassets */,
				DE19E6AE2AB695CC0049EE7A /* Delm-Medium.otf */,
				DE19E6AF2AB695CC0049EE7A /* ThirstySoftRegular.otf */,
			);
			path = Ressources;
			sourceTree = "<group>";
		};
		DE19E6B22AB766BB0049EE7A /* Views */ = {
			isa = PBXGroup;
			children = (
				DE19E66E2AB685290049EE7A /* InstagridViewController.swift */,
				DE19E6B62AB7BEC10049EE7A /* GridView.swift */,
			);
			path = Views;
			sourceTree = "<group>";
		};
		DE19E6B32AB766CE0049EE7A /* Storyboards */ = {
			isa = PBXGroup;
			children = (
				DE19E6702AB685290049EE7A /* Main.storyboard */,
				DE19E6752AB6852B0049EE7A /* LaunchScreen.storyboard */,
			);
			path = Storyboards;
			sourceTree = "<group>";
		};
		DE19E6B42AB766EF0049EE7A /* Models */ = {
			isa = PBXGroup;
			children = (
				DE19E6B82AB7C2420049EE7A /* Layout.swift */,
			);
			path = Models;
			sourceTree = "<group>";
		};
		DE19E6B52AB766F60049EE7A /* Controllers */ = {
			isa = PBXGroup;
			children = (
			);
			path = Controllers;
			sourceTree = "<group>";
		};
/* End PBXGroup section */

/* Begin PBXNativeTarget section */
		DE19E6662AB685290049EE7A /* InstaGrid */ = {
			isa = PBXNativeTarget;
			buildConfigurationList = DE19E6912AB6852B0049EE7A /* Build configuration list for PBXNativeTarget "InstaGrid" */;
			buildPhases = (
				DE19E6632AB685290049EE7A /* Sources */,
				DE19E6642AB685290049EE7A /* Frameworks */,
				DE19E6652AB685290049EE7A /* Resources */,
			);
			buildRules = (
			);
			dependencies = (
			);
			name = InstaGrid;
			productName = InstaGrid;
			productReference = DE19E6672AB685290049EE7A /* InstaGrid.app */;
			productType = "com.apple.product-type.application";
		};
		DE19E67C2AB6852B0049EE7A /* InstaGridTests */ = {
			isa = PBXNativeTarget;
			buildConfigurationList = DE19E6942AB6852B0049EE7A /* Build configuration list for PBXNativeTarget "InstaGridTests" */;
			buildPhases = (
				DE19E6792AB6852B0049EE7A /* Sources */,
				DE19E67A2AB6852B0049EE7A /* Frameworks */,
				DE19E67B2AB6852B0049EE7A /* Resources */,
			);
			buildRules = (
			);
			dependencies = (
				DE19E67F2AB6852B0049EE7A /* PBXTargetDependency */,
			);
			name = InstaGridTests;
			productName = InstaGridTests;
			productReference = DE19E67D2AB6852B0049EE7A /* InstaGridTests.xctest */;
			productType = "com.apple.product-type.bundle.unit-test";
		};
		DE19E6862AB6852B0049EE7A /* InstaGridUITests */ = {
			isa = PBXNativeTarget;
			buildConfigurationList = DE19E6972AB6852B0049EE7A /* Build configuration list for PBXNativeTarget "InstaGridUITests" */;
			buildPhases = (
				DE19E6832AB6852B0049EE7A /* Sources */,
				DE19E6842AB6852B0049EE7A /* Frameworks */,
				DE19E6852AB6852B0049EE7A /* Resources */,
			);
			buildRules = (
			);
			dependencies = (
				DE19E6892AB6852B0049EE7A /* PBXTargetDependency */,
			);
			name = InstaGridUITests;
			productName = InstaGridUITests;
			productReference = DE19E6872AB6852B0049EE7A /* InstaGridUITests.xctest */;
			productType = "com.apple.product-type.bundle.ui-testing";
		};
/* End PBXNativeTarget section */

/* Begin PBXProject section */
		DE19E65F2AB685290049EE7A /* Project object */ = {
			isa = PBXProject;
			attributes = {
				BuildIndependentTargetsInParallel = 1;
				LastSwiftUpdateCheck = 1430;
				LastUpgradeCheck = 1430;
				TargetAttributes = {
					DE19E6662AB685290049EE7A = {
						CreatedOnToolsVersion = 14.3;
					};
					DE19E67C2AB6852B0049EE7A = {
						CreatedOnToolsVersion = 14.3;
						TestTargetID = DE19E6662AB685290049EE7A;
					};
					DE19E6862AB6852B0049EE7A = {
						CreatedOnToolsVersion = 14.3;
						TestTargetID = DE19E6662AB685290049EE7A;
					};
				};
			};
			buildConfigurationList = DE19E6622AB685290049EE7A /* Build configuration list for PBXProject "InstaGrid" */;
			compatibilityVersion = "Xcode 14.0";
			developmentRegion = en;
			hasScannedForEncodings = 0;
			knownRegions = (
				en,
				Base,
			);
			mainGroup = DE19E65E2AB685290049EE7A;
			productRefGroup = DE19E6682AB685290049EE7A /* Products */;
			projectDirPath = "";
			projectRoot = "";
			targets = (
				DE19E6662AB685290049EE7A /* InstaGrid */,
				DE19E67C2AB6852B0049EE7A /* InstaGridTests */,
				DE19E6862AB6852B0049EE7A /* InstaGridUITests */,
			);
		};
/* End PBXProject section */

/* Begin PBXResourcesBuildPhase section */
		DE19E6652AB685290049EE7A /* Resources */ = {
			isa = PBXResourcesBuildPhase;
			buildActionMask = 2147483647;
			files = (
				DE19E6772AB6852B0049EE7A /* LaunchScreen.storyboard in Resources */,
				DE19E6742AB6852B0049EE7A /* Assets.xcassets in Resources */,
				DE19E6B12AB695CC0049EE7A /* ThirstySoftRegular.otf in Resources */,
				DE19E6B02AB695CC0049EE7A /* Delm-Medium.otf in Resources */,
				DE19E6722AB685290049EE7A /* Main.storyboard in Resources */,
			);
			runOnlyForDeploymentPostprocessing = 0;
		};
		DE19E67B2AB6852B0049EE7A /* Resources */ = {
			isa = PBXResourcesBuildPhase;
			buildActionMask = 2147483647;
			files = (
			);
			runOnlyForDeploymentPostprocessing = 0;
		};
		DE19E6852AB6852B0049EE7A /* Resources */ = {
			isa = PBXResourcesBuildPhase;
			buildActionMask = 2147483647;
			files = (
			);
			runOnlyForDeploymentPostprocessing = 0;
		};
/* End PBXResourcesBuildPhase section */

/* Begin PBXSourcesBuildPhase section */
		DE19E6632AB685290049EE7A /* Sources */ = {
			isa = PBXSourcesBuildPhase;
			buildActionMask = 2147483647;
			files = (
				DE19E66F2AB685290049EE7A /* InstagridViewController.swift in Sources */,
				DE19E66B2AB685290049EE7A /* AppDelegate.swift in Sources */,
				DE19E6B92AB7C2420049EE7A /* Layout.swift in Sources */,
				DE19E6B72AB7BEC10049EE7A /* GridView.swift in Sources */,
				DE19E66D2AB685290049EE7A /* SceneDelegate.swift in Sources */,
			);
			runOnlyForDeploymentPostprocessing = 0;
		};
		DE19E6792AB6852B0049EE7A /* Sources */ = {
			isa = PBXSourcesBuildPhase;
			buildActionMask = 2147483647;
			files = (
				DE19E6822AB6852B0049EE7A /* InstaGridTests.swift in Sources */,
			);
			runOnlyForDeploymentPostprocessing = 0;
		};
		DE19E6832AB6852B0049EE7A /* Sources */ = {
			isa = PBXSourcesBuildPhase;
			buildActionMask = 2147483647;
			files = (
				DE19E68E2AB6852B0049EE7A /* InstaGridUITestsLaunchTests.swift in Sources */,
				DE19E68C2AB6852B0049EE7A /* InstaGridUITests.swift in Sources */,
			);
			runOnlyForDeploymentPostprocessing = 0;
		};
/* End PBXSourcesBuildPhase section */

/* Begin PBXTargetDependency section */
		DE19E67F2AB6852B0049EE7A /* PBXTargetDependency */ = {
			isa = PBXTargetDependency;
			target = DE19E6662AB685290049EE7A /* InstaGrid */;
			targetProxy = DE19E67E2AB6852B0049EE7A /* PBXContainerItemProxy */;
		};
		DE19E6892AB6852B0049EE7A /* PBXTargetDependency */ = {
			isa = PBXTargetDependency;
			target = DE19E6662AB685290049EE7A /* InstaGrid */;
			targetProxy = DE19E6882AB6852B0049EE7A /* PBXContainerItemProxy */;
		};
/* End PBXTargetDependency section */

/* Begin PBXVariantGroup section */
		DE19E6702AB685290049EE7A /* Main.storyboard */ = {
			isa = PBXVariantGroup;
			children = (
				DE19E6712AB685290049EE7A /* Base */,
			);
			name = Main.storyboard;
			sourceTree = "<group>";
		};
		DE19E6752AB6852B0049EE7A /* LaunchScreen.storyboard */ = {
			isa = PBXVariantGroup;
			children = (
				DE19E6762AB6852B0049EE7A /* Base */,
			);
			name = LaunchScreen.storyboard;
			sourceTree = "<group>";
		};
/* End PBXVariantGroup section */

/* Begin XCBuildConfiguration section */
		DE19E68F2AB6852B0049EE7A /* Debug */ = {
			isa = XCBuildConfiguration;
			buildSettings = {
				ALWAYS_SEARCH_USER_PATHS = NO;
				CLANG_ANALYZER_NONNULL = YES;
				CLANG_ANALYZER_NUMBER_OBJECT_CONVERSION = YES_AGGRESSIVE;
				CLANG_CXX_LANGUAGE_STANDARD = "gnu++20";
				CLANG_ENABLE_MODULES = YES;
				CLANG_ENABLE_OBJC_ARC = YES;
				CLANG_ENABLE_OBJC_WEAK = YES;
				CLANG_WARN_BLOCK_CAPTURE_AUTORELEASING = YES;
				CLANG_WARN_BOOL_CONVERSION = YES;
				CLANG_WARN_COMMA = YES;
				CLANG_WARN_CONSTANT_CONVERSION = YES;
				CLANG_WARN_DEPRECATED_OBJC_IMPLEMENTATIONS = YES;
				CLANG_WARN_DIRECT_OBJC_ISA_USAGE = YES_ERROR;
				CLANG_WARN_DOCUMENTATION_COMMENTS = YES;
				CLANG_WARN_EMPTY_BODY = YES;
				CLANG_WARN_ENUM_CONVERSION = YES;
				CLANG_WARN_INFINITE_RECURSION = YES;
				CLANG_WARN_INT_CONVERSION = YES;
				CLANG_WARN_NON_LITERAL_NULL_CONVERSION = YES;
				CLANG_WARN_OBJC_IMPLICIT_RETAIN_SELF = YES;
				CLANG_WARN_OBJC_LITERAL_CONVERSION = YES;
				CLANG_WARN_OBJC_ROOT_CLASS = YES_ERROR;
				CLANG_WARN_QUOTED_INCLUDE_IN_FRAMEWORK_HEADER = YES;
				CLANG_WARN_RANGE_LOOP_ANALYSIS = YES;
				CLANG_WARN_STRICT_PROTOTYPES = YES;
				CLANG_WARN_SUSPICIOUS_MOVE = YES;
				CLANG_WARN_UNGUARDED_AVAILABILITY = YES_AGGRESSIVE;
				CLANG_WARN_UNREACHABLE_CODE = YES;
				CLANG_WARN__DUPLICATE_METHOD_MATCH = YES;
				COPY_PHASE_STRIP = NO;
				DEBUG_INFORMATION_FORMAT = dwarf;
				ENABLE_STRICT_OBJC_MSGSEND = YES;
				ENABLE_TESTABILITY = YES;
				GCC_C_LANGUAGE_STANDARD = gnu11;
				GCC_DYNAMIC_NO_PIC = NO;
				GCC_NO_COMMON_BLOCKS = YES;
				GCC_OPTIMIZATION_LEVEL = 0;
				GCC_PREPROCESSOR_DEFINITIONS = (
					"DEBUG=1",
					"$(inherited)",
				);
				GCC_WARN_64_TO_32_BIT_CONVERSION = YES;
				GCC_WARN_ABOUT_RETURN_TYPE = YES_ERROR;
				GCC_WARN_UNDECLARED_SELECTOR = YES;
				GCC_WARN_UNINITIALIZED_AUTOS = YES_AGGRESSIVE;
				GCC_WARN_UNUSED_FUNCTION = YES;
				GCC_WARN_UNUSED_VARIABLE = YES;
				IPHONEOS_DEPLOYMENT_TARGET = 16.4;
				MTL_ENABLE_DEBUG_INFO = INCLUDE_SOURCE;
				MTL_FAST_MATH = YES;
				ONLY_ACTIVE_ARCH = YES;
				SDKROOT = iphoneos;
				SWIFT_ACTIVE_COMPILATION_CONDITIONS = DEBUG;
				SWIFT_OPTIMIZATION_LEVEL = "-Onone";
			};
			name = Debug;
		};
		DE19E6902AB6852B0049EE7A /* Release */ = {
			isa = XCBuildConfiguration;
			buildSettings = {
				ALWAYS_SEARCH_USER_PATHS = NO;
				CLANG_ANALYZER_NONNULL = YES;
				CLANG_ANALYZER_NUMBER_OBJECT_CONVERSION = YES_AGGRESSIVE;
				CLANG_CXX_LANGUAGE_STANDARD = "gnu++20";
				CLANG_ENABLE_MODULES = YES;
				CLANG_ENABLE_OBJC_ARC = YES;
				CLANG_ENABLE_OBJC_WEAK = YES;
				CLANG_WARN_BLOCK_CAPTURE_AUTORELEASING = YES;
				CLANG_WARN_BOOL_CONVERSION = YES;
				CLANG_WARN_COMMA = YES;
				CLANG_WARN_CONSTANT_CONVERSION = YES;
				CLANG_WARN_DEPRECATED_OBJC_IMPLEMENTATIONS = YES;
				CLANG_WARN_DIRECT_OBJC_ISA_USAGE = YES_ERROR;
				CLANG_WARN_DOCUMENTATION_COMMENTS = YES;
				CLANG_WARN_EMPTY_BODY = YES;
				CLANG_WARN_ENUM_CONVERSION = YES;
				CLANG_WARN_INFINITE_RECURSION = YES;
				CLANG_WARN_INT_CONVERSION = YES;
				CLANG_WARN_NON_LITERAL_NULL_CONVERSION = YES;
				CLANG_WARN_OBJC_IMPLICIT_RETAIN_SELF = YES;
				CLANG_WARN_OBJC_LITERAL_CONVERSION = YES;
				CLANG_WARN_OBJC_ROOT_CLASS = YES_ERROR;
				CLANG_WARN_QUOTED_INCLUDE_IN_FRAMEWORK_HEADER = YES;
				CLANG_WARN_RANGE_LOOP_ANALYSIS = YES;
				CLANG_WARN_STRICT_PROTOTYPES = YES;
				CLANG_WARN_SUSPICIOUS_MOVE = YES;
				CLANG_WARN_UNGUARDED_AVAILABILITY = YES_AGGRESSIVE;
				CLANG_WARN_UNREACHABLE_CODE = YES;
				CLANG_WARN__DUPLICATE_METHOD_MATCH = YES;
				COPY_PHASE_STRIP = NO;
				DEBUG_INFORMATION_FORMAT = "dwarf-with-dsym";
				ENABLE_NS_ASSERTIONS = NO;
				ENABLE_STRICT_OBJC_MSGSEND = YES;
				GCC_C_LANGUAGE_STANDARD = gnu11;
				GCC_NO_COMMON_BLOCKS = YES;
				GCC_WARN_64_TO_32_BIT_CONVERSION = YES;
				GCC_WARN_ABOUT_RETURN_TYPE = YES_ERROR;
				GCC_WARN_UNDECLARED_SELECTOR = YES;
				GCC_WARN_UNINITIALIZED_AUTOS = YES_AGGRESSIVE;
				GCC_WARN_UNUSED_FUNCTION = YES;
				GCC_WARN_UNUSED_VARIABLE = YES;
				IPHONEOS_DEPLOYMENT_TARGET = 16.4;
				MTL_ENABLE_DEBUG_INFO = NO;
				MTL_FAST_MATH = YES;
				SDKROOT = iphoneos;
				SWIFT_COMPILATION_MODE = wholemodule;
				SWIFT_OPTIMIZATION_LEVEL = "-O";
				VALIDATE_PRODUCT = YES;
			};
			name = Release;
		};
		DE19E6922AB6852B0049EE7A /* Debug */ = {
			isa = XCBuildConfiguration;
			buildSettings = {
				ASSETCATALOG_COMPILER_APPICON_NAME = AppIcon;
				ASSETCATALOG_COMPILER_GLOBAL_ACCENT_COLOR_NAME = AccentColor;
				CODE_SIGN_STYLE = Automatic;
				CURRENT_PROJECT_VERSION = 1;
				DEVELOPMENT_TEAM = B8CFMG9SS9;
				GENERATE_INFOPLIST_FILE = YES;
				INFOPLIST_FILE = InstaGrid/Info.plist;
				INFOPLIST_KEY_UIApplicationSupportsIndirectInputEvents = YES;
				INFOPLIST_KEY_UILaunchStoryboardName = LaunchScreen;
				INFOPLIST_KEY_UIMainStoryboardFile = Main;
				INFOPLIST_KEY_UISupportedInterfaceOrientations_iPad = "UIInterfaceOrientationPortrait UIInterfaceOrientationPortraitUpsideDown UIInterfaceOrientationLandscapeLeft UIInterfaceOrientationLandscapeRight";
				INFOPLIST_KEY_UISupportedInterfaceOrientations_iPhone = "UIInterfaceOrientationPortrait UIInterfaceOrientationLandscapeLeft UIInterfaceOrientationLandscapeRight";
				LD_RUNPATH_SEARCH_PATHS = (
					"$(inherited)",
					"@executable_path/Frameworks",
				);
				MARKETING_VERSION = 1.0;
				PRODUCT_BUNDLE_IDENTIFIER = TC.InstaGrid;
				PRODUCT_NAME = "$(TARGET_NAME)";
				SWIFT_EMIT_LOC_STRINGS = YES;
				SWIFT_VERSION = 5.0;
				TARGETED_DEVICE_FAMILY = "1,2";
			};
			name = Debug;
		};
		DE19E6932AB6852B0049EE7A /* Release */ = {
			isa = XCBuildConfiguration;
			buildSettings = {
				ASSETCATALOG_COMPILER_APPICON_NAME = AppIcon;
				ASSETCATALOG_COMPILER_GLOBAL_ACCENT_COLOR_NAME = AccentColor;
				CODE_SIGN_STYLE = Automatic;
				CURRENT_PROJECT_VERSION = 1;
				DEVELOPMENT_TEAM = B8CFMG9SS9;
				GENERATE_INFOPLIST_FILE = YES;
				INFOPLIST_FILE = InstaGrid/Info.plist;
				INFOPLIST_KEY_UIApplicationSupportsIndirectInputEvents = YES;
				INFOPLIST_KEY_UILaunchStoryboardName = LaunchScreen;
				INFOPLIST_KEY_UIMainStoryboardFile = Main;
				INFOPLIST_KEY_UISupportedInterfaceOrientations_iPad = "UIInterfaceOrientationPortrait UIInterfaceOrientationPortraitUpsideDown UIInterfaceOrientationLandscapeLeft UIInterfaceOrientationLandscapeRight";
				INFOPLIST_KEY_UISupportedInterfaceOrientations_iPhone = "UIInterfaceOrientationPortrait UIInterfaceOrientationLandscapeLeft UIInterfaceOrientationLandscapeRight";
				LD_RUNPATH_SEARCH_PATHS = (
					"$(inherited)",
					"@executable_path/Frameworks",
				);
				MARKETING_VERSION = 1.0;
				PRODUCT_BUNDLE_IDENTIFIER = TC.InstaGrid;
				PRODUCT_NAME = "$(TARGET_NAME)";
				SWIFT_EMIT_LOC_STRINGS = YES;
				SWIFT_VERSION = 5.0;
				TARGETED_DEVICE_FAMILY = "1,2";
			};
			name = Release;
		};
		DE19E6952AB6852B0049EE7A /* Debug */ = {
			isa = XCBuildConfiguration;
			buildSettings = {
				ALWAYS_EMBED_SWIFT_STANDARD_LIBRARIES = YES;
				BUNDLE_LOADER = "$(TEST_HOST)";
				CODE_SIGN_STYLE = Automatic;
				CURRENT_PROJECT_VERSION = 1;
				DEVELOPMENT_TEAM = B8CFMG9SS9;
				GENERATE_INFOPLIST_FILE = YES;
				IPHONEOS_DEPLOYMENT_TARGET = 16.4;
				MARKETING_VERSION = 1.0;
				PRODUCT_BUNDLE_IDENTIFIER = TC.InstaGridTests;
				PRODUCT_NAME = "$(TARGET_NAME)";
				SWIFT_EMIT_LOC_STRINGS = NO;
				SWIFT_VERSION = 5.0;
				TARGETED_DEVICE_FAMILY = "1,2";
				TEST_HOST = "$(BUILT_PRODUCTS_DIR)/InstaGrid.app/$(BUNDLE_EXECUTABLE_FOLDER_PATH)/InstaGrid";
			};
			name = Debug;
		};
		DE19E6962AB6852B0049EE7A /* Release */ = {
			isa = XCBuildConfiguration;
			buildSettings = {
				ALWAYS_EMBED_SWIFT_STANDARD_LIBRARIES = YES;
				BUNDLE_LOADER = "$(TEST_HOST)";
				CODE_SIGN_STYLE = Automatic;
				CURRENT_PROJECT_VERSION = 1;
				DEVELOPMENT_TEAM = B8CFMG9SS9;
				GENERATE_INFOPLIST_FILE = YES;
				IPHONEOS_DEPLOYMENT_TARGET = 16.4;
				MARKETING_VERSION = 1.0;
				PRODUCT_BUNDLE_IDENTIFIER = TC.InstaGridTests;
				PRODUCT_NAME = "$(TARGET_NAME)";
				SWIFT_EMIT_LOC_STRINGS = NO;
				SWIFT_VERSION = 5.0;
				TARGETED_DEVICE_FAMILY = "1,2";
				TEST_HOST = "$(BUILT_PRODUCTS_DIR)/InstaGrid.app/$(BUNDLE_EXECUTABLE_FOLDER_PATH)/InstaGrid";
			};
			name = Release;
		};
		DE19E6982AB6852B0049EE7A /* Debug */ = {
			isa = XCBuildConfiguration;
			buildSettings = {
				ALWAYS_EMBED_SWIFT_STANDARD_LIBRARIES = YES;
				CODE_SIGN_STYLE = Automatic;
				CURRENT_PROJECT_VERSION = 1;
				DEVELOPMENT_TEAM = B8CFMG9SS9;
				GENERATE_INFOPLIST_FILE = YES;
				MARKETING_VERSION = 1.0;
				PRODUCT_BUNDLE_IDENTIFIER = TC.InstaGridUITests;
				PRODUCT_NAME = "$(TARGET_NAME)";
				SWIFT_EMIT_LOC_STRINGS = NO;
				SWIFT_VERSION = 5.0;
				TARGETED_DEVICE_FAMILY = "1,2";
				TEST_TARGET_NAME = InstaGrid;
			};
			name = Debug;
		};
		DE19E6992AB6852B0049EE7A /* Release */ = {
			isa = XCBuildConfiguration;
			buildSettings = {
				ALWAYS_EMBED_SWIFT_STANDARD_LIBRARIES = YES;
				CODE_SIGN_STYLE = Automatic;
				CURRENT_PROJECT_VERSION = 1;
				DEVELOPMENT_TEAM = B8CFMG9SS9;
				GENERATE_INFOPLIST_FILE = YES;
				MARKETING_VERSION = 1.0;
				PRODUCT_BUNDLE_IDENTIFIER = TC.InstaGridUITests;
				PRODUCT_NAME = "$(TARGET_NAME)";
				SWIFT_EMIT_LOC_STRINGS = NO;
				SWIFT_VERSION = 5.0;
				TARGETED_DEVICE_FAMILY = "1,2";
				TEST_TARGET_NAME = InstaGrid;
			};
			name = Release;
		};
/* End XCBuildConfiguration section */

/* Begin XCConfigurationList section */
		DE19E6622AB685290049EE7A /* Build configuration list for PBXProject "InstaGrid" */ = {
			isa = XCConfigurationList;
			buildConfigurations = (
				DE19E68F2AB6852B0049EE7A /* Debug */,
				DE19E6902AB6852B0049EE7A /* Release */,
			);
			defaultConfigurationIsVisible = 0;
			defaultConfigurationName = Release;
		};
		DE19E6912AB6852B0049EE7A /* Build configuration list for PBXNativeTarget "InstaGrid" */ = {
			isa = XCConfigurationList;
			buildConfigurations = (
				DE19E6922AB6852B0049EE7A /* Debug */,
				DE19E6932AB6852B0049EE7A /* Release */,
			);
			defaultConfigurationIsVisible = 0;
			defaultConfigurationName = Release;
		};
		DE19E6942AB6852B0049EE7A /* Build configuration list for PBXNativeTarget "InstaGridTests" */ = {
			isa = XCConfigurationList;
			buildConfigurations = (
				DE19E6952AB6852B0049EE7A /* Debug */,
				DE19E6962AB6852B0049EE7A /* Release */,
			);
			defaultConfigurationIsVisible = 0;
			defaultConfigurationName = Release;
		};
		DE19E6972AB6852B0049EE7A /* Build configuration list for PBXNativeTarget "InstaGridUITests" */ = {
			isa = XCConfigurationList;
			buildConfigurations = (
				DE19E6982AB6852B0049EE7A /* Debug */,
				DE19E6992AB6852B0049EE7A /* Release */,
			);
			defaultConfigurationIsVisible = 0;
			defaultConfigurationName = Release;
		};
/* End XCConfigurationList section */
	};
	rootObject = DE19E65F2AB685290049EE7A /* Project object */;
}
